
Microsoft Visual Studio Solution File, Format Version 12.00
# Visual Studio Version 17
VisualStudioVersion = 17.14.36705.20
MinimumVisualStudioVersion = 10.0.40219.1
Project("{2150E333-8FDC-42A3-9474-1A3956D46DE8}") = "Domain", "Domain", "{02EA681E-C7D8-13C7-8484-4AC65E1B71E8}"
EndProject
Project("{2150E333-8FDC-42A3-9474-1A3956D46DE8}") = "Application", "Application", "{E1F039FD-A777-4222-80A6-F80F686B8270}"
EndProject
Project("{2150E333-8FDC-42A3-9474-1A3956D46DE8}") = "Infrastructure", "Infrastructure", "{4611C9A5-731E-44CE-B91A-E5D835E203E7}"
EndProject
Project("{2150E333-8FDC-42A3-9474-1A3956D46DE8}") = "Presentation", "Presentation", "{4231AF21-5286-48DA-B44E-2CDB376506D4}"
EndProject
Project("{FAE04EC0-301F-11D3-BF4B-00C04F79EFBC}") = "Raksha.Application", "src\Raksha.Application\Raksha.Application.csproj", "{02B4C0AA-CE0A-4DFF-B762-5AC44288490F}"
EndProject
Project("{FAE04EC0-301F-11D3-BF4B-00C04F79EFBC}") = "Raksha.Domain", "src\Raksha.Domain\Raksha.Domain.csproj", "{DF45D787-38E2-4305-B310-7D20716C215D}"
EndProject
Project("{FAE04EC0-301F-11D3-BF4B-00C04F79EFBC}") = "Raksha.Infrastructure", "src\Raksha.Infrastructure\Raksha.Infrastructure.csproj", "{F44EB69F-9068-47E8-B023-E622B6F8BCF4}"
EndProject
Project("{FAE04EC0-301F-11D3-BF4B-00C04F79EFBC}") = "Raksha.Api", "src\Raksha.Api\Raksha.Api.csproj", "{00528E49-8211-46E3-9574-7897CBE4F0C0}"
EndProject
Global
	GlobalSection(SolutionConfigurationPlatforms) = preSolution
		Debug|Any CPU = Debug|Any CPU
		Release|Any CPU = Release|Any CPU
	EndGlobalSection
	GlobalSection(ProjectConfigurationPlatforms) = postSolution
		{02B4C0AA-CE0A-4DFF-B762-5AC44288490F}.Debug|Any CPU.ActiveCfg = Debug|Any CPU
		{02B4C0AA-CE0A-4DFF-B762-5AC44288490F}.Debug|Any CPU.Build.0 = Debug|Any CPU
		{02B4C0AA-CE0A-4DFF-B762-5AC44288490F}.Release|Any CPU.ActiveCfg = Release|Any CPU
		{02B4C0AA-CE0A-4DFF-B762-5AC44288490F}.Release|Any CPU.Build.0 = Release|Any CPU
		{DF45D787-38E2-4305-B310-7D20716C215D}.Debug|Any CPU.ActiveCfg = Debug|Any CPU
		{DF45D787-38E2-4305-B310-7D20716C215D}.Debug|Any CPU.Build.0 = Debug|Any CPU
		{DF45D787-38E2-4305-B310-7D20716C215D}.Release|Any CPU.ActiveCfg = Release|Any CPU
		{DF45D787-38E2-4305-B310-7D20716C215D}.Release|Any CPU.Build.0 = Release|Any CPU
		{F44EB69F-9068-47E8-B023-E622B6F8BCF4}.Debug|Any CPU.ActiveCfg = Debug|Any CPU
		{F44EB69F-9068-47E8-B023-E622B6F8BCF4}.Debug|Any CPU.Build.0 = Debug|Any CPU
		{F44EB69F-9068-47E8-B023-E622B6F8BCF4}.Release|Any CPU.ActiveCfg = Release|Any CPU
		{F44EB69F-9068-47E8-B023-E622B6F8BCF4}.Release|Any CPU.Build.0 = Release|Any CPU
		{00528E49-8211-46E3-9574-7897CBE4F0C0}.Debug|Any CPU.ActiveCfg = Debug|Any CPU
		{00528E49-8211-46E3-9574-7897CBE4F0C0}.Debug|Any CPU.Build.0 = Debug|Any CPU
		{00528E49-8211-46E3-9574-7897CBE4F0C0}.Release|Any CPU.ActiveCfg = Release|Any CPU
		{00528E49-8211-46E3-9574-7897CBE4F0C0}.Release|Any CPU.Build.0 = Release|Any CPU
	EndGlobalSection
	GlobalSection(SolutionProperties) = preSolution
		HideSolutionNode = FALSE
	EndGlobalSection
	GlobalSection(NestedProjects) = preSolution
		{02B4C0AA-CE0A-4DFF-B762-5AC44288490F} = {E1F039FD-A777-4222-80A6-F80F686B8270}
		{DF45D787-38E2-4305-B310-7D20716C215D} = {02EA681E-C7D8-13C7-8484-4AC65E1B71E8}
		{F44EB69F-9068-47E8-B023-E622B6F8BCF4} = {4611C9A5-731E-44CE-B91A-E5D835E203E7}
		{00528E49-8211-46E3-9574-7897CBE4F0C0} = {4231AF21-5286-48DA-B44E-2CDB376506D4}
	EndGlobalSection
	GlobalSection(ExtensibilityGlobals) = postSolution
		SolutionGuid = {A9D8A68E-4356-46ED-B933-59465C0BD090}
	EndGlobalSection
EndGlobal
